// !$*UTF8*$!
{
	archiveVersion = 1;
	classes = {
	};
	objectVersion = 55;
	objects = {

/* Begin PBXBuildFile section */
		C66983EE293678E6001CEB6F /* BlueToothSillyAppApp.swift in Sources */ = {isa = PBXBuildFile; fileRef = C66983ED293678E6001CEB6F /* BlueToothSillyAppApp.swift */; };
		C66983F0293678E6001CEB6F /* ContentView.swift in Sources */ = {isa = PBXBuildFile; fileRef = C66983EF293678E6001CEB6F /* ContentView.swift */; };
		C66983F2293678E8001CEB6F /* Assets.xcassets in Resources */ = {isa = PBXBuildFile; fileRef = C66983F1293678E8001CEB6F /* Assets.xcassets */; };
		C66983F5293678E8001CEB6F /* Preview Assets.xcassets in Resources */ = {isa = PBXBuildFile; fileRef = C66983F4293678E8001CEB6F /* Preview Assets.xcassets */; };
		C66983FF293678E8001CEB6F /* BlueToothSillyAppTests.swift in Sources */ = {isa = PBXBuildFile; fileRef = C66983FE293678E8001CEB6F /* BlueToothSillyAppTests.swift */; };
		C6698409293678E8001CEB6F /* BlueToothSillyAppUITests.swift in Sources */ = {isa = PBXBuildFile; fileRef = C6698408293678E8001CEB6F /* BlueToothSillyAppUITests.swift */; };
		C669840B293678E8001CEB6F /* BlueToothSillyAppUITestsLaunchTests.swift in Sources */ = {isa = PBXBuildFile; fileRef = C669840A293678E8001CEB6F /* BlueToothSillyAppUITestsLaunchTests.swift */; };
/* End PBXBuildFile section */

/* Begin PBXContainerItemProxy section */
		C66983FB293678E8001CEB6F /* PBXContainerItemProxy */ = {
			isa = PBXContainerItemProxy;
			containerPortal = C66983E2293678E6001CEB6F /* Project object */;
			proxyType = 1;
			remoteGlobalIDString = C66983E9293678E6001CEB6F;
			remoteInfo = BlueToothSillyApp;
		};
		C6698405293678E8001CEB6F /* PBXContainerItemProxy */ = {
			isa = PBXContainerItemProxy;
			containerPortal = C66983E2293678E6001CEB6F /* Project object */;
			proxyType = 1;
			remoteGlobalIDString = C66983E9293678E6001CEB6F;
			remoteInfo = BlueToothSillyApp;
		};
/* End PBXContainerItemProxy section */

/* Begin PBXFileReference section */
		C66983EA293678E6001CEB6F /* BlueToothSillyApp.app */ = {isa = PBXFileReference; explicitFileType = wrapper.application; includeInIndex = 0; path = BlueToothSillyApp.app; sourceTree = BUILT_PRODUCTS_DIR; };
		C66983ED293678E6001CEB6F /* BlueToothSillyAppApp.swift */ = {isa = PBXFileReference; lastKnownFileType = sourcecode.swift; path = BlueToothSillyAppApp.swift; sourceTree = "<group>"; };
		C66983EF293678E6001CEB6F /* ContentView.swift */ = {isa = PBXFileReference; lastKnownFileType = sourcecode.swift; path = ContentView.swift; sourceTree = "<group>"; };
		C66983F1293678E8001CEB6F /* Assets.xcassets */ = {isa = PBXFileReference; lastKnownFileType = folder.assetcatalog; path = Assets.xcassets; sourceTree = "<group>"; };
		C66983F4293678E8001CEB6F /* Preview Assets.xcassets */ = {isa = PBXFileReference; lastKnownFileType = folder.assetcatalog; path = "Preview Assets.xcassets"; sourceTree = "<group>"; };
		C66983FA293678E8001CEB6F /* BlueToothSillyAppTests.xctest */ = {isa = PBXFileReference; explicitFileType = wrapper.cfbundle; includeInIndex = 0; path = BlueToothSillyAppTests.xctest; sourceTree = BUILT_PRODUCTS_DIR; };
		C66983FE293678E8001CEB6F /* BlueToothSillyAppTests.swift */ = {isa = PBXFileReference; lastKnownFileType = sourcecode.swift; path = BlueToothSillyAppTests.swift; sourceTree = "<group>"; };
		C6698404293678E8001CEB6F /* BlueToothSillyAppUITests.xctest */ = {isa = PBXFileReference; explicitFileType = wrapper.cfbundle; includeInIndex = 0; path = BlueToothSillyAppUITests.xctest; sourceTree = BUILT_PRODUCTS_DIR; };
		C6698408293678E8001CEB6F /* BlueToothSillyAppUITests.swift */ = {isa = PBXFileReference; lastKnownFileType = sourcecode.swift; path = BlueToothSillyAppUITests.swift; sourceTree = "<group>"; };
		C669840A293678E8001CEB6F /* BlueToothSillyAppUITestsLaunchTests.swift */ = {isa = PBXFileReference; lastKnownFileType = sourcecode.swift; path = BlueToothSillyAppUITestsLaunchTests.swift; sourceTree = "<group>"; };
/* End PBXFileReference section */

/* Begin PBXFrameworksBuildPhase section */
		C66983E7293678E6001CEB6F /* Frameworks */ = {
			isa = PBXFrameworksBuildPhase;
			buildActionMask = 2147483647;
			files = (
			);
			runOnlyForDeploymentPostprocessing = 0;
		};
		C66983F7293678E8001CEB6F /* Frameworks */ = {
			isa = PBXFrameworksBuildPhase;
			buildActionMask = 2147483647;
			files = (
			);
			runOnlyForDeploymentPostprocessing = 0;
		};
		C6698401293678E8001CEB6F /* Frameworks */ = {
			isa = PBXFrameworksBuildPhase;
			buildActionMask = 2147483647;
			files = (
			);
			runOnlyForDeploymentPostprocessing = 0;
		};
/* End PBXFrameworksBuildPhase section */

/* Begin PBXGroup section */
		C66983E1293678E6001CEB6F = {
			isa = PBXGroup;
			children = (
				C66983EC293678E6001CEB6F /* BlueToothSillyApp */,
				C66983FD293678E8001CEB6F /* BlueToothSillyAppTests */,
				C6698407293678E8001CEB6F /* BlueToothSillyAppUITests */,
				C66983EB293678E6001CEB6F /* Products */,
			);
			sourceTree = "<group>";
		};
		C66983EB293678E6001CEB6F /* Products */ = {
			isa = PBXGroup;
			children = (
				C66983EA293678E6001CEB6F /* BlueToothSillyApp.app */,
				C66983FA293678E8001CEB6F /* BlueToothSillyAppTests.xctest */,
				C6698404293678E8001CEB6F /* BlueToothSillyAppUITests.xctest */,
			);
			name = Products;
			sourceTree = "<group>";
		};
		C66983EC293678E6001CEB6F /* BlueToothSillyApp */ = {
			isa = PBXGroup;
			children = (
				C66983ED293678E6001CEB6F /* BlueToothSillyAppApp.swift */,
				C66983EF293678E6001CEB6F /* ContentView.swift */,
				C66983F1293678E8001CEB6F /* Assets.xcassets */,
				C66983F3293678E8001CEB6F /* Preview Content */,
			);
			path = BlueToothSillyApp;
			sourceTree = "<group>";
		};
		C66983F3293678E8001CEB6F /* Preview Content */ = {
			isa = PBXGroup;
			children = (
				C66983F4293678E8001CEB6F /* Preview Assets.xcassets */,
			);
			path = "Preview Content";
			sourceTree = "<group>";
		};
		C66983FD293678E8001CEB6F /* BlueToothSillyAppTests */ = {
			isa = PBXGroup;
			children = (
				C66983FE293678E8001CEB6F /* BlueToothSillyAppTests.swift */,
			);
			path = BlueToothSillyAppTests;
			sourceTree = "<group>";
		};
		C6698407293678E8001CEB6F /* BlueToothSillyAppUITests */ = {
			isa = PBXGroup;
			children = (
				C6698408293678E8001CEB6F /* BlueToothSillyAppUITests.swift */,
				C669840A293678E8001CEB6F /* BlueToothSillyAppUITestsLaunchTests.swift */,
			);
			path = BlueToothSillyAppUITests;
			sourceTree = "<group>";
		};
/* End PBXGroup section */

/* Begin PBXNativeTarget section */
		C66983E9293678E6001CEB6F /* BlueToothSillyApp */ = {
			isa = PBXNativeTarget;
			buildConfigurationList = C669840E293678E8001CEB6F /* Build configuration list for PBXNativeTarget "BlueToothSillyApp" */;
			buildPhases = (
				C66983E6293678E6001CEB6F /* Sources */,
				C66983E7293678E6001CEB6F /* Frameworks */,
				C66983E8293678E6001CEB6F /* Resources */,
			);
			buildRules = (
			);
			dependencies = (
			);
			name = BlueToothSillyApp;
			productName = BlueToothSillyApp;
			productReference = C66983EA293678E6001CEB6F /* BlueToothSillyApp.app */;
			productType = "com.apple.product-type.application";
		};
		C66983F9293678E8001CEB6F /* BlueToothSillyAppTests */ = {
			isa = PBXNativeTarget;
			buildConfigurationList = C6698411293678E8001CEB6F /* Build configuration list for PBXNativeTarget "BlueToothSillyAppTests" */;
			buildPhases = (
				C66983F6293678E8001CEB6F /* Sources */,
				C66983F7293678E8001CEB6F /* Frameworks */,
				C66983F8293678E8001CEB6F /* Resources */,
			);
			buildRules = (
			);
			dependencies = (
				C66983FC293678E8001CEB6F /* PBXTargetDependency */,
			);
			name = BlueToothSillyAppTests;
			productName = BlueToothSillyAppTests;
			productReference = C66983FA293678E8001CEB6F /* BlueToothSillyAppTests.xctest */;
			productType = "com.apple.product-type.bundle.unit-test";
		};
		C6698403293678E8001CEB6F /* BlueToothSillyAppUITests */ = {
			isa = PBXNativeTarget;
			buildConfigurationList = C6698414293678E8001CEB6F /* Build configuration list for PBXNativeTarget "BlueToothSillyAppUITests" */;
			buildPhases = (
				C6698400293678E8001CEB6F /* Sources */,
				C6698401293678E8001CEB6F /* Frameworks */,
				C6698402293678E8001CEB6F /* Resources */,
			);
			buildRules = (
			);
			dependencies = (
				C6698406293678E8001CEB6F /* PBXTargetDependency */,
			);
			name = BlueToothSillyAppUITests;
			productName = BlueToothSillyAppUITests;
			productReference = C6698404293678E8001CEB6F /* BlueToothSillyAppUITests.xctest */;
			productType = "com.apple.product-type.bundle.ui-testing";
		};
/* End PBXNativeTarget section */

/* Begin PBXProject section */
		C66983E2293678E6001CEB6F /* Project object */ = {
			isa = PBXProject;
			attributes = {
				BuildIndependentTargetsInParallel = 1;
				LastSwiftUpdateCheck = 1340;
				LastUpgradeCheck = 1340;
				TargetAttributes = {
					C66983E9293678E6001CEB6F = {
						CreatedOnToolsVersion = 13.4.1;
					};
					C66983F9293678E8001CEB6F = {
						CreatedOnToolsVersion = 13.4.1;
						TestTargetID = C66983E9293678E6001CEB6F;
					};
					C6698403293678E8001CEB6F = {
						CreatedOnToolsVersion = 13.4.1;
						TestTargetID = C66983E9293678E6001CEB6F;
					};
				};
			};
			buildConfigurationList = C66983E5293678E6001CEB6F /* Build configuration list for PBXProject "BlueToothSillyApp" */;
			compatibilityVersion = "Xcode 13.0";
			developmentRegion = en;
			hasScannedForEncodings = 0;
			knownRegions = (
				en,
				Base,
			);
			mainGroup = C66983E1293678E6001CEB6F;
			productRefGroup = C66983EB293678E6001CEB6F /* Products */;
			projectDirPath = "";
			projectRoot = "";
			targets = (
				C66983E9293678E6001CEB6F /* BlueToothSillyApp */,
				C66983F9293678E8001CEB6F /* BlueToothSillyAppTests */,
				C6698403293678E8001CEB6F /* BlueToothSillyAppUITests */,
			);
		};
/* End PBXProject section */

/* Begin PBXResourcesBuildPhase section */
		C66983E8293678E6001CEB6F /* Resources */ = {
			isa = PBXResourcesBuildPhase;
			buildActionMask = 2147483647;
			files = (
				C66983F5293678E8001CEB6F /* Preview Assets.xcassets in Resources */,
				C66983F2293678E8001CEB6F /* Assets.xcassets in Resources */,
			);
			runOnlyForDeploymentPostprocessing = 0;
		};
		C66983F8293678E8001CEB6F /* Resources */ = {
			isa = PBXResourcesBuildPhase;
			buildActionMask = 2147483647;
			files = (
			);
			runOnlyForDeploymentPostprocessing = 0;
		};
		C6698402293678E8001CEB6F /* Resources */ = {
			isa = PBXResourcesBuildPhase;
			buildActionMask = 2147483647;
			files = (
			);
			runOnlyForDeploymentPostprocessing = 0;
		};
/* End PBXResourcesBuildPhase section */

/* Begin PBXSourcesBuildPhase section */
		C66983E6293678E6001CEB6F /* Sources */ = {
			isa = PBXSourcesBuildPhase;
			buildActionMask = 2147483647;
			files = (
				C66983F0293678E6001CEB6F /* ContentView.swift in Sources */,
				C66983EE293678E6001CEB6F /* BlueToothSillyAppApp.swift in Sources */,
			);
			runOnlyForDeploymentPostprocessing = 0;
		};
		C66983F6293678E8001CEB6F /* Sources */ = {
			isa = PBXSourcesBuildPhase;
			buildActionMask = 2147483647;
			files = (
				C66983FF293678E8001CEB6F /* BlueToothSillyAppTests.swift in Sources */,
			);
			runOnlyForDeploymentPostprocessing = 0;
		};
		C6698400293678E8001CEB6F /* Sources */ = {
			isa = PBXSourcesBuildPhase;
			buildActionMask = 2147483647;
			files = (
				C6698409293678E8001CEB6F /* BlueToothSillyAppUITests.swift in Sources */,
				C669840B293678E8001CEB6F /* BlueToothSillyAppUITestsLaunchTests.swift in Sources */,
			);
			runOnlyForDeploymentPostprocessing = 0;
		};
/* End PBXSourcesBuildPhase section */

/* Begin PBXTargetDependency section */
		C66983FC293678E8001CEB6F /* PBXTargetDependency */ = {
			isa = PBXTargetDependency;
			target = C66983E9293678E6001CEB6F /* BlueToothSillyApp */;
			targetProxy = C66983FB293678E8001CEB6F /* PBXContainerItemProxy */;
		};
		C6698406293678E8001CEB6F /* PBXTargetDependency */ = {
			isa = PBXTargetDependency;
			target = C66983E9293678E6001CEB6F /* BlueToothSillyApp */;
			targetProxy = C6698405293678E8001CEB6F /* PBXContainerItemProxy */;
		};
/* End PBXTargetDependency section */

/* Begin XCBuildConfiguration section */
		C669840C293678E8001CEB6F /* Debug */ = {
			isa = XCBuildConfiguration;
			buildSettings = {
				ALWAYS_SEARCH_USER_PATHS = NO;
				CLANG_ANALYZER_NONNULL = YES;
				CLANG_ANALYZER_NUMBER_OBJECT_CONVERSION = YES_AGGRESSIVE;
				CLANG_CXX_LANGUAGE_STANDARD = "gnu++17";
				CLANG_ENABLE_MODULES = YES;
				CLANG_ENABLE_OBJC_ARC = YES;
				CLANG_ENABLE_OBJC_WEAK = YES;
				CLANG_WARN_BLOCK_CAPTURE_AUTORELEASING = YES;
				CLANG_WARN_BOOL_CONVERSION = YES;
				CLANG_WARN_COMMA = YES;
				CLANG_WARN_CONSTANT_CONVERSION = YES;
				CLANG_WARN_DEPRECATED_OBJC_IMPLEMENTATIONS = YES;
				CLANG_WARN_DIRECT_OBJC_ISA_USAGE = YES_ERROR;
				CLANG_WARN_DOCUMENTATION_COMMENTS = YES;
				CLANG_WARN_EMPTY_BODY = YES;
				CLANG_WARN_ENUM_CONVERSION = YES;
				CLANG_WARN_INFINITE_RECURSION = YES;
				CLANG_WARN_INT_CONVERSION = YES;
				CLANG_WARN_NON_LITERAL_NULL_CONVERSION = YES;
				CLANG_WARN_OBJC_IMPLICIT_RETAIN_SELF = YES;
				CLANG_WARN_OBJC_LITERAL_CONVERSION = YES;
				CLANG_WARN_OBJC_ROOT_CLASS = YES_ERROR;
				CLANG_WARN_QUOTED_INCLUDE_IN_FRAMEWORK_HEADER = YES;
				CLANG_WARN_RANGE_LOOP_ANALYSIS = YES;
				CLANG_WARN_STRICT_PROTOTYPES = YES;
				CLANG_WARN_SUSPICIOUS_MOVE = YES;
				CLANG_WARN_UNGUARDED_AVAILABILITY = YES_AGGRESSIVE;
				CLANG_WARN_UNREACHABLE_CODE = YES;
				CLANG_WARN__DUPLICATE_METHOD_MATCH = YES;
				COPY_PHASE_STRIP = NO;
				DEBUG_INFORMATION_FORMAT = dwarf;
				ENABLE_STRICT_OBJC_MSGSEND = YES;
				ENABLE_TESTABILITY = YES;
				GCC_C_LANGUAGE_STANDARD = gnu11;
				GCC_DYNAMIC_NO_PIC = NO;
				GCC_NO_COMMON_BLOCKS = YES;
				GCC_OPTIMIZATION_LEVEL = 0;
				GCC_PREPROCESSOR_DEFINITIONS = (
					"DEBUG=1",
					"$(inherited)",
				);
				GCC_WARN_64_TO_32_BIT_CONVERSION = YES;
				GCC_WARN_ABOUT_RETURN_TYPE = YES_ERROR;
				GCC_WARN_UNDECLARED_SELECTOR = YES;
				GCC_WARN_UNINITIALIZED_AUTOS = YES_AGGRESSIVE;
				GCC_WARN_UNUSED_FUNCTION = YES;
				GCC_WARN_UNUSED_VARIABLE = YES;
				IPHONEOS_DEPLOYMENT_TARGET = 15.5;
				MTL_ENABLE_DEBUG_INFO = INCLUDE_SOURCE;
				MTL_FAST_MATH = YES;
				ONLY_ACTIVE_ARCH = YES;
				SDKROOT = iphoneos;
				SWIFT_ACTIVE_COMPILATION_CONDITIONS = DEBUG;
				SWIFT_OPTIMIZATION_LEVEL = "-Onone";
			};
			name = Debug;
		};
		C669840D293678E8001CEB6F /* Release */ = {
			isa = XCBuildConfiguration;
			buildSettings = {
				ALWAYS_SEARCH_USER_PATHS = NO;
				CLANG_ANALYZER_NONNULL = YES;
				CLANG_ANALYZER_NUMBER_OBJECT_CONVERSION = YES_AGGRESSIVE;
				CLANG_CXX_LANGUAGE_STANDARD = "gnu++17";
				CLANG_ENABLE_MODULES = YES;
				CLANG_ENABLE_OBJC_ARC = YES;
				CLANG_ENABLE_OBJC_WEAK = YES;
				CLANG_WARN_BLOCK_CAPTURE_AUTORELEASING = YES;
				CLANG_WARN_BOOL_CONVERSION = YES;
				CLANG_WARN_COMMA = YES;
				CLANG_WARN_CONSTANT_CONVERSION = YES;
				CLANG_WARN_DEPRECATED_OBJC_IMPLEMENTATIONS = YES;
				CLANG_WARN_DIRECT_OBJC_ISA_USAGE = YES_ERROR;
				CLANG_WARN_DOCUMENTATION_COMMENTS = YES;
				CLANG_WARN_EMPTY_BODY = YES;
				CLANG_WARN_ENUM_CONVERSION = YES;
				CLANG_WARN_INFINITE_RECURSION = YES;
				CLANG_WARN_INT_CONVERSION = YES;
				CLANG_WARN_NON_LITERAL_NULL_CONVERSION = YES;
				CLANG_WARN_OBJC_IMPLICIT_RETAIN_SELF = YES;
				CLANG_WARN_OBJC_LITERAL_CONVERSION = YES;
				CLANG_WARN_OBJC_ROOT_CLASS = YES_ERROR;
				CLANG_WARN_QUOTED_INCLUDE_IN_FRAMEWORK_HEADER = YES;
				CLANG_WARN_RANGE_LOOP_ANALYSIS = YES;
				CLANG_WARN_STRICT_PROTOTYPES = YES;
				CLANG_WARN_SUSPICIOUS_MOVE = YES;
				CLANG_WARN_UNGUARDED_AVAILABILITY = YES_AGGRESSIVE;
				CLANG_WARN_UNREACHABLE_CODE = YES;
				CLANG_WARN__DUPLICATE_METHOD_MATCH = YES;
				COPY_PHASE_STRIP = NO;
				DEBUG_INFORMATION_FORMAT = "dwarf-with-dsym";
				ENABLE_NS_ASSERTIONS = NO;
				ENABLE_STRICT_OBJC_MSGSEND = YES;
				GCC_C_LANGUAGE_STANDARD = gnu11;
				GCC_NO_COMMON_BLOCKS = YES;
				GCC_WARN_64_TO_32_BIT_CONVERSION = YES;
				GCC_WARN_ABOUT_RETURN_TYPE = YES_ERROR;
				GCC_WARN_UNDECLARED_SELECTOR = YES;
				GCC_WARN_UNINITIALIZED_AUTOS = YES_AGGRESSIVE;
				GCC_WARN_UNUSED_FUNCTION = YES;
				GCC_WARN_UNUSED_VARIABLE = YES;
				IPHONEOS_DEPLOYMENT_TARGET = 15.5;
				MTL_ENABLE_DEBUG_INFO = NO;
				MTL_FAST_MATH = YES;
				SDKROOT = iphoneos;
				SWIFT_COMPILATION_MODE = wholemodule;
				SWIFT_OPTIMIZATION_LEVEL = "-O";
				VALIDATE_PRODUCT = YES;
			};
			name = Release;
		};
		C669840F293678E8001CEB6F /* Debug */ = {
			isa = XCBuildConfiguration;
			buildSettings = {
				ASSETCATALOG_COMPILER_APPICON_NAME = AppIcon;
				ASSETCATALOG_COMPILER_GLOBAL_ACCENT_COLOR_NAME = AccentColor;
				CODE_SIGN_STYLE = Automatic;
				CURRENT_PROJECT_VERSION = 1;
				DEVELOPMENT_ASSET_PATHS = "\"BlueToothSillyApp/Preview Content\"";
				DEVELOPMENT_TEAM = 3463GQXGTB;
				ENABLE_PREVIEWS = YES;
				GENERATE_INFOPLIST_FILE = YES;
				INFOPLIST_KEY_UIApplicationSceneManifest_Generation = YES;
				INFOPLIST_KEY_UIApplicationSupportsIndirectInputEvents = YES;
				INFOPLIST_KEY_UILaunchScreen_Generation = YES;
				INFOPLIST_KEY_UISupportedInterfaceOrientations_iPad = "UIInterfaceOrientationPortrait UIInterfaceOrientationPortraitUpsideDown UIInterfaceOrientationLandscapeLeft UIInterfaceOrientationLandscapeRight";
				INFOPLIST_KEY_UISupportedInterfaceOrientations_iPhone = "UIInterfaceOrientationPortrait UIInterfaceOrientationLandscapeLeft UIInterfaceOrientationLandscapeRight";
				LD_RUNPATH_SEARCH_PATHS = (
					"$(inherited)",
					"@executable_path/Frameworks",
				);
				MARKETING_VERSION = 1.0;
				PRODUCT_BUNDLE_IDENTIFIER = com.developerjuice.BlueToothSillyApp;
				PRODUCT_NAME = "$(TARGET_NAME)";
				SWIFT_EMIT_LOC_STRINGS = YES;
				SWIFT_VERSION = 5.0;
				TARGETED_DEVICE_FAMILY = "1,2";
			};
			name = Debug;
		};
		C6698410293678E8001CEB6F /* Release */ = {
			isa = XCBuildConfiguration;
			buildSettings = {
				ASSETCATALOG_COMPILER_APPICON_NAME = AppIcon;
				ASSETCATALOG_COMPILER_GLOBAL_ACCENT_COLOR_NAME = AccentColor;
				CODE_SIGN_STYLE = Automatic;
				CURRENT_PROJECT_VERSION = 1;
				DEVELOPMENT_ASSET_PATHS = "\"BlueToothSillyApp/Preview Content\"";
				DEVELOPMENT_TEAM = 3463GQXGTB;
				ENABLE_PREVIEWS = YES;
				GENERATE_INFOPLIST_FILE = YES;
				INFOPLIST_KEY_UIApplicationSceneManifest_Generation = YES;
				INFOPLIST_KEY_UIApplicationSupportsIndirectInputEvents = YES;
				INFOPLIST_KEY_UILaunchScreen_Generation = YES;
				INFOPLIST_KEY_UISupportedInterfaceOrientations_iPad = "UIInterfaceOrientationPortrait UIInterfaceOrientationPortraitUpsideDown UIInterfaceOrientationLandscapeLeft UIInterfaceOrientationLandscapeRight";
				INFOPLIST_KEY_UISupportedInterfaceOrientations_iPhone = "UIInterfaceOrientationPortrait UIInterfaceOrientationLandscapeLeft UIInterfaceOrientationLandscapeRight";
				LD_RUNPATH_SEARCH_PATHS = (
					"$(inherited)",
					"@executable_path/Frameworks",
				);
				MARKETING_VERSION = 1.0;
				PRODUCT_BUNDLE_IDENTIFIER = com.developerjuice.BlueToothSillyApp;
				PRODUCT_NAME = "$(TARGET_NAME)";
				SWIFT_EMIT_LOC_STRINGS = YES;
				SWIFT_VERSION = 5.0;
				TARGETED_DEVICE_FAMILY = "1,2";
			};
			name = Release;
		};
		C6698412293678E8001CEB6F /* Debug */ = {
			isa = XCBuildConfiguration;
			buildSettings = {
				ALWAYS_EMBED_SWIFT_STANDARD_LIBRARIES = YES;
				BUNDLE_LOADER = "$(TEST_HOST)";
				CODE_SIGN_STYLE = Automatic;
				CURRENT_PROJECT_VERSION = 1;
				DEVELOPMENT_TEAM = 3463GQXGTB;
				GENERATE_INFOPLIST_FILE = YES;
				IPHONEOS_DEPLOYMENT_TARGET = 15.5;
				MARKETING_VERSION = 1.0;
				PRODUCT_BUNDLE_IDENTIFIER = com.developerjuice.BlueToothSillyAppTests;
				PRODUCT_NAME = "$(TARGET_NAME)";
				SWIFT_EMIT_LOC_STRINGS = NO;
				SWIFT_VERSION = 5.0;
				TARGETED_DEVICE_FAMILY = "1,2";
				TEST_HOST = "$(BUILT_PRODUCTS_DIR)/BlueToothSillyApp.app/BlueToothSillyApp";
			};
			name = Debug;
		};
		C6698413293678E8001CEB6F /* Release */ = {
			isa = XCBuildConfiguration;
			buildSettings = {
				ALWAYS_EMBED_SWIFT_STANDARD_LIBRARIES = YES;
				BUNDLE_LOADER = "$(TEST_HOST)";
				CODE_SIGN_STYLE = Automatic;
				CURRENT_PROJECT_VERSION = 1;
				DEVELOPMENT_TEAM = 3463GQXGTB;
				GENERATE_INFOPLIST_FILE = YES;
				IPHONEOS_DEPLOYMENT_TARGET = 15.5;
				MARKETING_VERSION = 1.0;
				PRODUCT_BUNDLE_IDENTIFIER = com.developerjuice.BlueToothSillyAppTests;
				PRODUCT_NAME = "$(TARGET_NAME)";
				SWIFT_EMIT_LOC_STRINGS = NO;
				SWIFT_VERSION = 5.0;
				TARGETED_DEVICE_FAMILY = "1,2";
				TEST_HOST = "$(BUILT_PRODUCTS_DIR)/BlueToothSillyApp.app/BlueToothSillyApp";
			};
			name = Release;
		};
		C6698415293678E8001CEB6F /* Debug */ = {
			isa = XCBuildConfiguration;
			buildSettings = {
				ALWAYS_EMBED_SWIFT_STANDARD_LIBRARIES = YES;
				CODE_SIGN_STYLE = Automatic;
				CURRENT_PROJECT_VERSION = 1;
				DEVELOPMENT_TEAM = 3463GQXGTB;
				GENERATE_INFOPLIST_FILE = YES;
				MARKETING_VERSION = 1.0;
				PRODUCT_BUNDLE_IDENTIFIER = com.developerjuice.BlueToothSillyAppUITests;
				PRODUCT_NAME = "$(TARGET_NAME)";
				SWIFT_EMIT_LOC_STRINGS = NO;
				SWIFT_VERSION = 5.0;
				TARGETED_DEVICE_FAMILY = "1,2";
				TEST_TARGET_NAME = BlueToothSillyApp;
			};
			name = Debug;
		};
		C6698416293678E8001CEB6F /* Release */ = {
			isa = XCBuildConfiguration;
			buildSettings = {
				ALWAYS_EMBED_SWIFT_STANDARD_LIBRARIES = YES;
				CODE_SIGN_STYLE = Automatic;
				CURRENT_PROJECT_VERSION = 1;
				DEVELOPMENT_TEAM = 3463GQXGTB;
				GENERATE_INFOPLIST_FILE = YES;
				MARKETING_VERSION = 1.0;
				PRODUCT_BUNDLE_IDENTIFIER = com.developerjuice.BlueToothSillyAppUITests;
				PRODUCT_NAME = "$(TARGET_NAME)";
				SWIFT_EMIT_LOC_STRINGS = NO;
				SWIFT_VERSION = 5.0;
				TARGETED_DEVICE_FAMILY = "1,2";
				TEST_TARGET_NAME = BlueToothSillyApp;
			};
			name = Release;
		};
/* End XCBuildConfiguration section */

/* Begin XCConfigurationList section */
		C66983E5293678E6001CEB6F /* Build configuration list for PBXProject "BlueToothSillyApp" */ = {
			isa = XCConfigurationList;
			buildConfigurations = (
				C669840C293678E8001CEB6F /* Debug */,
				C669840D293678E8001CEB6F /* Release */,
			);
			defaultConfigurationIsVisible = 0;
			defaultConfigurationName = Release;
		};
		C669840E293678E8001CEB6F /* Build configuration list for PBXNativeTarget "BlueToothSillyApp" */ = {
			isa = XCConfigurationList;
			buildConfigurations = (
				C669840F293678E8001CEB6F /* Debug */,
				C6698410293678E8001CEB6F /* Release */,
			);
			defaultConfigurationIsVisible = 0;
			defaultConfigurationName = Release;
		};
		C6698411293678E8001CEB6F /* Build configuration list for PBXNativeTarget "BlueToothSillyAppTests" */ = {
			isa = XCConfigurationList;
			buildConfigurations = (
				C6698412293678E8001CEB6F /* Debug */,
				C6698413293678E8001CEB6F /* Release */,
			);
			defaultConfigurationIsVisible = 0;
			defaultConfigurationName = Release;
		};
		C6698414293678E8001CEB6F /* Build configuration list for PBXNativeTarget "BlueToothSillyAppUITests" */ = {
			isa = XCConfigurationList;
			buildConfigurations = (
				C6698415293678E8001CEB6F /* Debug */,
				C6698416293678E8001CEB6F /* Release */,
			);
			defaultConfigurationIsVisible = 0;
			defaultConfigurationName = Release;
		};
/* End XCConfigurationList section */
	};
	rootObject = C66983E2293678E6001CEB6F /* Project object */;
}
